Microsoft Visual Studio Solution File, Format Version 11.00
# Visual Studio 2008

Project("{260B572B-B6BE-BE30-8CFD-0DB3C8741A5F}") = "DNDHybrid", "Assembly-CSharp-firstpass.csproj", "{A6E2DBDA-5CB3-8996-FA2C-2495872F1DD0}"
EndProject
Project("{260B572B-B6BE-BE30-8CFD-0DB3C8741A5F}") = "DNDHybrid", "Assembly-CSharp.csproj", "{1D22AADD-DCB9-1E0C-8BFF-2493AB0FDB98}"
EndProject
Project("{260B572B-B6BE-BE30-8CFD-0DB3C8741A5F}") = "DNDHybrid", "Assembly-CSharp-Editor-firstpass.csproj", "{0A420681-97D3-622B-7F03-F830BE5671C1}"
EndProject
Project("{260B572B-B6BE-BE30-8CFD-0DB3C8741A5F}") = "DNDHybrid", "Assembly-CSharp-Editor.csproj", "{A60E0D3B-CAAF-E6F0-353E-B2196EF47D5C}"
EndProject
Project("{260B572B-B6BE-BE30-8CFD-0DB3C8741A5F}") = "DNDHybrid", "Assembly-Boo.booproj", "{F3DE7FC7-D217-A332-641E-CAA484D63018}"
EndProject
Project("{260B572B-B6BE-BE30-8CFD-0DB3C8741A5F}") = "DNDHybrid", "Assembly-UnityScript-firstpass.unityproj", "{611280E5-DF4C-9057-EE06-F712F4D83333}"
EndProject
Project("{260B572B-B6BE-BE30-8CFD-0DB3C8741A5F}") = "DNDHybrid", "Assembly-UnityScript.unityproj", "{524F23EE-34E7-6D0B-660E-4E726A049E47}"
EndProject
Project("{260B572B-B6BE-BE30-8CFD-0DB3C8741A5F}") = "DNDHybrid", "Assembly-UnityScript-Editor-firstpass.unityproj", "{6C45A4A8-64B8-19C7-1C13-D562EA4B3A0A}"
EndProject
Project("{260B572B-B6BE-BE30-8CFD-0DB3C8741A5F}") = "DNDHybrid", "Assembly-UnityScript-Editor.unityproj", "{282BA965-8913-69D6-366A-048EF941508C}"
EndProject
Global
	GlobalSection(SolutionConfigurationPlatforms) = preSolution
		Debug|Any CPU = Debug|Any CPU
		Release|Any CPU = Release|Any CPU
	EndGlobalSection
	GlobalSection(ProjectConfigurationPlatforms) = postSolution
		{A6E2DBDA-5CB3-8996-FA2C-2495872F1DD0}.Debug|Any CPU.ActiveCfg = Debug|Any CPU
		{A6E2DBDA-5CB3-8996-FA2C-2495872F1DD0}.Debug|Any CPU.Build.0 = Debug|Any CPU
		{A6E2DBDA-5CB3-8996-FA2C-2495872F1DD0}.Release|Any CPU.ActiveCfg = Release|Any CPU
		{A6E2DBDA-5CB3-8996-FA2C-2495872F1DD0}.Release|Any CPU.Build.0 = Release|Any CPU
		{1D22AADD-DCB9-1E0C-8BFF-2493AB0FDB98}.Debug|Any CPU.ActiveCfg = Debug|Any CPU
		{1D22AADD-DCB9-1E0C-8BFF-2493AB0FDB98}.Debug|Any CPU.Build.0 = Debug|Any CPU
		{1D22AADD-DCB9-1E0C-8BFF-2493AB0FDB98}.Release|Any CPU.ActiveCfg = Release|Any CPU
		{1D22AADD-DCB9-1E0C-8BFF-2493AB0FDB98}.Release|Any CPU.Build.0 = Release|Any CPU
		{0A420681-97D3-622B-7F03-F830BE5671C1}.Debug|Any CPU.ActiveCfg = Debug|Any CPU
		{0A420681-97D3-622B-7F03-F830BE5671C1}.Debug|Any CPU.Build.0 = Debug|Any CPU
		{0A420681-97D3-622B-7F03-F830BE5671C1}.Release|Any CPU.ActiveCfg = Release|Any CPU
		{0A420681-97D3-622B-7F03-F830BE5671C1}.Release|Any CPU.Build.0 = Release|Any CPU
		{A60E0D3B-CAAF-E6F0-353E-B2196EF47D5C}.Debug|Any CPU.ActiveCfg = Debug|Any CPU
		{A60E0D3B-CAAF-E6F0-353E-B2196EF47D5C}.Debug|Any CPU.Build.0 = Debug|Any CPU
		{A60E0D3B-CAAF-E6F0-353E-B2196EF47D5C}.Release|Any CPU.ActiveCfg = Release|Any CPU
		{A60E0D3B-CAAF-E6F0-353E-B2196EF47D5C}.Release|Any CPU.Build.0 = Release|Any CPU
		{F3DE7FC7-D217-A332-641E-CAA484D63018}.Debug|Any CPU.ActiveCfg = Debug|Any CPU
		{F3DE7FC7-D217-A332-641E-CAA484D63018}.Debug|Any CPU.Build.0 = Debug|Any CPU
		{F3DE7FC7-D217-A332-641E-CAA484D63018}.Release|Any CPU.ActiveCfg = Release|Any CPU
		{F3DE7FC7-D217-A332-641E-CAA484D63018}.Release|Any CPU.Build.0 = Release|Any CPU
		{611280E5-DF4C-9057-EE06-F712F4D83333}.Debug|Any CPU.ActiveCfg = Debug|Any CPU
		{611280E5-DF4C-9057-EE06-F712F4D83333}.Debug|Any CPU.Build.0 = Debug|Any CPU
		{611280E5-DF4C-9057-EE06-F712F4D83333}.Release|Any CPU.ActiveCfg = Release|Any CPU
		{611280E5-DF4C-9057-EE06-F712F4D83333}.Release|Any CPU.Build.0 = Release|Any CPU
		{524F23EE-34E7-6D0B-660E-4E726A049E47}.Debug|Any CPU.ActiveCfg = Debug|Any CPU
		{524F23EE-34E7-6D0B-660E-4E726A049E47}.Debug|Any CPU.Build.0 = Debug|Any CPU
		{524F23EE-34E7-6D0B-660E-4E726A049E47}.Release|Any CPU.ActiveCfg = Release|Any CPU
		{524F23EE-34E7-6D0B-660E-4E726A049E47}.Release|Any CPU.Build.0 = Release|Any CPU
		{6C45A4A8-64B8-19C7-1C13-D562EA4B3A0A}.Debug|Any CPU.ActiveCfg = Debug|Any CPU
		{6C45A4A8-64B8-19C7-1C13-D562EA4B3A0A}.Debug|Any CPU.Build.0 = Debug|Any CPU
		{6C45A4A8-64B8-19C7-1C13-D562EA4B3A0A}.Release|Any CPU.ActiveCfg = Release|Any CPU
		{6C45A4A8-64B8-19C7-1C13-D562EA4B3A0A}.Release|Any CPU.Build.0 = Release|Any CPU
		{282BA965-8913-69D6-366A-048EF941508C}.Debug|Any CPU.ActiveCfg = Debug|Any CPU
		{282BA965-8913-69D6-366A-048EF941508C}.Debug|Any CPU.Build.0 = Debug|Any CPU
		{282BA965-8913-69D6-366A-048EF941508C}.Release|Any CPU.ActiveCfg = Release|Any CPU
		{282BA965-8913-69D6-366A-048EF941508C}.Release|Any CPU.Build.0 = Release|Any CPU
	EndGlobalSection
	GlobalSection(SolutionProperties) = preSolution
		HideSolutionNode = FALSE
	EndGlobalSection
																																																																																																																																																																																																														GlobalSection(MonoDevelopProperties) = preSolution
		StartupItem = Assembly-CSharp.csproj
		Policies = $0
		$0.TextStylePolicy = $1
		$1.inheritsSet = null
		$1.scope = text/x-csharp
		$0.CSharpFormattingPolicy = $2
		$2.inheritsSet = Mono
		$2.inheritsScope = text/x-csharp
		$2.scope = text/x-csharp
		$0.TextStylePolicy = $3
		$3.FileWidth = 120
		$3.TabWidth = 4
		$3.EolMarker = Unix
		$3.inheritsSet = Mono
		$3.inheritsScope = text/plain
		$3.scope = text/plain
	EndGlobalSection

EndGlobal
